
Microsoft Visual Studio Solution File, Format Version 12.00
# Visual Studio Version 17
VisualStudioVersion = 17.11.35222.181
MinimumVisualStudioVersion = 10.0.40219.1
Project("{2150E333-8FDC-42A3-9474-1A3956D46DE8}") = "Task0", "Task0", "{7A3ED855-68B2-49F0-A640-AC606934808F}"
EndProject
Project("{FAE04EC0-301F-11D3-BF4B-00C04F79EFBC}") = "Tyuiu.YakovlevVAa.Sprint2.Task0.V23", "Tyuiu.YakovlevVAa.Sprint2.Task0.V23\Tyuiu.YakovlevVAa.Sprint2.Task0.V23.csproj", "{14DDB872-5B55-403B-AC4B-AE88F49183A1}"
EndProject
Project("{FAE04EC0-301F-11D3-BF4B-00C04F79EFBC}") = "Tyuiu.YakovlevVAa.Sprint2.Task0.V23.Test", "Tyuiu.YakovlevVAa.Sprint2.Task0.V23.Test\Tyuiu.YakovlevVAa.Sprint2.Task0.V23.Test.csproj", "{FFFD9A72-97A7-42B7-BFB6-E5421DED529E}"
EndProject
Project("{FAE04EC0-301F-11D3-BF4B-00C04F79EFBC}") = "Tyuiu.YakovlevVAa.Sprint2.Task0.V23.Lib", "Tyuiu.YakovlevVAa.Sprint2.Task0.V23.Lib\Tyuiu.YakovlevVAa.Sprint2.Task0.V23.Lib.csproj", "{ADC686A1-0D62-44D6-AC23-15BC2AF71FC9}"
EndProject
Project("{2150E333-8FDC-42A3-9474-1A3956D46DE8}") = "Task1", "Task1", "{CD556BC6-993D-4509-BE8C-29C2C7007E44}"
EndProject
Project("{FAE04EC0-301F-11D3-BF4B-00C04F79EFBC}") = "Tyuiu.YakovlevVAa.Sprint2.Task1.V20", "Tyuiu.YakovlevVAa.Sprint2.Task1.V20\Tyuiu.YakovlevVAa.Sprint2.Task1.V20.csproj", "{AED75B05-AD1C-4386-8D4B-A7153183EFDC}"
EndProject
Project("{FAE04EC0-301F-11D3-BF4B-00C04F79EFBC}") = "Tyuiu.YakovlevVAa.Sprint2.Task1.V20.Lib", "Tyuiu.YakovlevVAa.Sprint2.Task1.V20.Lib\Tyuiu.YakovlevVAa.Sprint2.Task1.V20.Lib.csproj", "{E0A02E88-7F9C-4E85-9678-044AF75EAD38}"
EndProject
Project("{FAE04EC0-301F-11D3-BF4B-00C04F79EFBC}") = "Tyuiu.YakovlevVAa.Sprint2.Task1.V20.Test", "Tyuiu.YakovlevVAa.Sprint2.Task1.V20.Test\Tyuiu.YakovlevVAa.Sprint2.Task1.V20.Test.csproj", "{68A22FA7-CA41-4964-9FD9-9FE1713AE736}"
EndProject
Global
	GlobalSection(SolutionConfigurationPlatforms) = preSolution
		Debug|Any CPU = Debug|Any CPU
		Release|Any CPU = Release|Any CPU
	EndGlobalSection
	GlobalSection(ProjectConfigurationPlatforms) = postSolution
		{14DDB872-5B55-403B-AC4B-AE88F49183A1}.Debug|Any CPU.ActiveCfg = Debug|Any CPU
		{14DDB872-5B55-403B-AC4B-AE88F49183A1}.Debug|Any CPU.Build.0 = Debug|Any CPU
		{14DDB872-5B55-403B-AC4B-AE88F49183A1}.Release|Any CPU.ActiveCfg = Release|Any CPU
		{14DDB872-5B55-403B-AC4B-AE88F49183A1}.Release|Any CPU.Build.0 = Release|Any CPU
		{FFFD9A72-97A7-42B7-BFB6-E5421DED529E}.Debug|Any CPU.ActiveCfg = Debug|Any CPU
		{FFFD9A72-97A7-42B7-BFB6-E5421DED529E}.Debug|Any CPU.Build.0 = Debug|Any CPU
		{FFFD9A72-97A7-42B7-BFB6-E5421DED529E}.Release|Any CPU.ActiveCfg = Release|Any CPU
		{FFFD9A72-97A7-42B7-BFB6-E5421DED529E}.Release|Any CPU.Build.0 = Release|Any CPU
		{ADC686A1-0D62-44D6-AC23-15BC2AF71FC9}.Debug|Any CPU.ActiveCfg = Debug|Any CPU
		{ADC686A1-0D62-44D6-AC23-15BC2AF71FC9}.Debug|Any CPU.Build.0 = Debug|Any CPU
		{ADC686A1-0D62-44D6-AC23-15BC2AF71FC9}.Release|Any CPU.ActiveCfg = Release|Any CPU
		{ADC686A1-0D62-44D6-AC23-15BC2AF71FC9}.Release|Any CPU.Build.0 = Release|Any CPU
		{AED75B05-AD1C-4386-8D4B-A7153183EFDC}.Debug|Any CPU.ActiveCfg = Debug|Any CPU
		{AED75B05-AD1C-4386-8D4B-A7153183EFDC}.Debug|Any CPU.Build.0 = Debug|Any CPU
		{AED75B05-AD1C-4386-8D4B-A7153183EFDC}.Release|Any CPU.ActiveCfg = Release|Any CPU
		{AED75B05-AD1C-4386-8D4B-A7153183EFDC}.Release|Any CPU.Build.0 = Release|Any CPU
		{E0A02E88-7F9C-4E85-9678-044AF75EAD38}.Debug|Any CPU.ActiveCfg = Debug|Any CPU
		{E0A02E88-7F9C-4E85-9678-044AF75EAD38}.Debug|Any CPU.Build.0 = Debug|Any CPU
		{E0A02E88-7F9C-4E85-9678-044AF75EAD38}.Release|Any CPU.ActiveCfg = Release|Any CPU
		{E0A02E88-7F9C-4E85-9678-044AF75EAD38}.Release|Any CPU.Build.0 = Release|Any CPU
		{68A22FA7-CA41-4964-9FD9-9FE1713AE736}.Debug|Any CPU.ActiveCfg = Debug|Any CPU
		{68A22FA7-CA41-4964-9FD9-9FE1713AE736}.Debug|Any CPU.Build.0 = Debug|Any CPU
		{68A22FA7-CA41-4964-9FD9-9FE1713AE736}.Release|Any CPU.ActiveCfg = Release|Any CPU
		{68A22FA7-CA41-4964-9FD9-9FE1713AE736}.Release|Any CPU.Build.0 = Release|Any CPU
	EndGlobalSection
	GlobalSection(SolutionProperties) = preSolution
		HideSolutionNode = FALSE
	EndGlobalSection
	GlobalSection(NestedProjects) = preSolution
		{14DDB872-5B55-403B-AC4B-AE88F49183A1} = {7A3ED855-68B2-49F0-A640-AC606934808F}
		{FFFD9A72-97A7-42B7-BFB6-E5421DED529E} = {7A3ED855-68B2-49F0-A640-AC606934808F}
		{ADC686A1-0D62-44D6-AC23-15BC2AF71FC9} = {7A3ED855-68B2-49F0-A640-AC606934808F}
		{AED75B05-AD1C-4386-8D4B-A7153183EFDC} = {CD556BC6-993D-4509-BE8C-29C2C7007E44}
		{E0A02E88-7F9C-4E85-9678-044AF75EAD38} = {CD556BC6-993D-4509-BE8C-29C2C7007E44}
		{68A22FA7-CA41-4964-9FD9-9FE1713AE736} = {CD556BC6-993D-4509-BE8C-29C2C7007E44}
	EndGlobalSection
	GlobalSection(ExtensibilityGlobals) = postSolution
		SolutionGuid = {01CC5A31-E198-490F-BC5A-8D4940942EBF}
	EndGlobalSection
EndGlobal
