
Microsoft Visual Studio Solution File, Format Version 12.00
# Visual Studio Version 17
VisualStudioVersion = 17.11.35222.181
MinimumVisualStudioVersion = 10.0.40219.1
Project("{2150E333-8FDC-42A3-9474-1A3956D46DE8}") = "Task0", "Task0", "{7A3ED855-68B2-49F0-A640-AC606934808F}"
EndProject
Project("{9A19103F-16F7-4668-BE54-9A1E7A4F7556}") = "Tyuiu.YakovlevVAa.Sprint2.Task0.V23", "Tyuiu.YakovlevVAa.Sprint2.Task0.V23\Tyuiu.YakovlevVAa.Sprint2.Task0.V23.csproj", "{14DDB872-5B55-403B-AC4B-AE88F49183A1}"
EndProject
Project("{9A19103F-16F7-4668-BE54-9A1E7A4F7556}") = "Tyuiu.YakovlevVAa.Sprint2.Task0.V23.Test", "Tyuiu.YakovlevVAa.Sprint2.Task0.V23.Test\Tyuiu.YakovlevVAa.Sprint2.Task0.V23.Test.csproj", "{FFFD9A72-97A7-42B7-BFB6-E5421DED529E}"
EndProject
Project("{9A19103F-16F7-4668-BE54-9A1E7A4F7556}") = "Tyuiu.YakovlevVAa.Sprint2.Task0.V23.Lib", "Tyuiu.YakovlevVAa.Sprint2.Task0.V23.Lib\Tyuiu.YakovlevVAa.Sprint2.Task0.V23.Lib.csproj", "{ADC686A1-0D62-44D6-AC23-15BC2AF71FC9}"
EndProject
Project("{2150E333-8FDC-42A3-9474-1A3956D46DE8}") = "Task1", "Task1", "{CD556BC6-993D-4509-BE8C-29C2C7007E44}"
EndProject
Project("{9A19103F-16F7-4668-BE54-9A1E7A4F7556}") = "Tyuiu.YakovlevVAa.Sprint2.Task1.V20", "Tyuiu.YakovlevVAa.Sprint2.Task1.V20\Tyuiu.YakovlevVAa.Sprint2.Task1.V20.csproj", "{AED75B05-AD1C-4386-8D4B-A7153183EFDC}"
EndProject
Project("{9A19103F-16F7-4668-BE54-9A1E7A4F7556}") = "Tyuiu.YakovlevVAa.Sprint2.Task1.V20.Lib", "Tyuiu.YakovlevVAa.Sprint2.Task1.V20.Lib\Tyuiu.YakovlevVAa.Sprint2.Task1.V20.Lib.csproj", "{E0A02E88-7F9C-4E85-9678-044AF75EAD38}"
EndProject
Project("{9A19103F-16F7-4668-BE54-9A1E7A4F7556}") = "Tyuiu.YakovlevVAa.Sprint2.Task1.V20.Test", "Tyuiu.YakovlevVAa.Sprint2.Task1.V20.Test\Tyuiu.YakovlevVAa.Sprint2.Task1.V20.Test.csproj", "{68A22FA7-CA41-4964-9FD9-9FE1713AE736}"
EndProject
Project("{2150E333-8FDC-42A3-9474-1A3956D46DE8}") = "Task2", "Task2", "{1E5E6625-2944-4124-8963-4D311F7A3198}"
EndProject
Project("{9A19103F-16F7-4668-BE54-9A1E7A4F7556}") = "Tyuiu.YakovlevVAa.Sprint2.Task2.V23", "Tyuiu.YakovlevVAa.Sprint2.Task2.V23\Tyuiu.YakovlevVAa.Sprint2.Task2.V23.csproj", "{A68135B0-CE63-4609-B5ED-BB23E675B27C}"
EndProject
Project("{9A19103F-16F7-4668-BE54-9A1E7A4F7556}") = "Tyuiu.YakovlevVAa.Sprint2.Task2.V23.Lib", "Tyuiu.YakovlevVAa.Sprint2.Task2.V23.Lib\Tyuiu.YakovlevVAa.Sprint2.Task2.V23.Lib.csproj", "{51007176-5F96-4A18-8B44-F752CD07FC89}"
EndProject
Project("{9A19103F-16F7-4668-BE54-9A1E7A4F7556}") = "Tyuiu.YakovlevVAa.Sprint2.Task2.V23.Test", "Tyuiu.YakovlevVAa.Sprint2.Task2.V23.Test\Tyuiu.YakovlevVAa.Sprint2.Task2.V23.Test.csproj", "{C04976A0-8924-4F54-B05B-D251B92EAB39}"
EndProject
Project("{2150E333-8FDC-42A3-9474-1A3956D46DE8}") = "Task3", "Task3", "{3A3B2071-EFA9-4630-BD4F-BE15D8072D65}"
EndProject
Project("{9A19103F-16F7-4668-BE54-9A1E7A4F7556}") = "Tyuiu.YakovlevVAa.Sprint2.Task3.V5", "Tyuiu.YakovlevVAa.Sprint2.Task3.V5\Tyuiu.YakovlevVAa.Sprint2.Task3.V5.csproj", "{40B3DC9A-E813-444D-A545-4EC22B89059B}"
EndProject
Project("{9A19103F-16F7-4668-BE54-9A1E7A4F7556}") = "Tyuiu.YakovlevVAa.Sprint2.Task3.V5.Lib", "Tyuiu.YakovlevVAa.Sprint2.Task3.V5.Lib\Tyuiu.YakovlevVAa.Sprint2.Task3.V5.Lib.csproj", "{E97528A6-5165-407E-B0DD-1606B1930D48}"
EndProject
Project("{9A19103F-16F7-4668-BE54-9A1E7A4F7556}") = "Tyuiu.YakovlevVAa.Sprint2.Task3.V5.Test", "Tyuiu.YakovlevVAa.Sprint2.Task3.V5.Test\Tyuiu.YakovlevVAa.Sprint2.Task3.V5.Test.csproj", "{A54956AD-17F0-4B8C-9318-D8CDD681A458}"
EndProject
Project("{2150E333-8FDC-42A3-9474-1A3956D46DE8}") = "Task4", "Task4", "{EE6481BC-9299-4653-9A88-855B4A317211}"
EndProject
Project("{9A19103F-16F7-4668-BE54-9A1E7A4F7556}") = "Tyuiu.YakovlevVAa.Sprint2.Task4.V23", "Tyuiu.YakovlevVAa.Sprint2.Task4.V23\Tyuiu.YakovlevVAa.Sprint2.Task4.V23.csproj", "{B48537C2-E955-40C7-AECE-AA2FA9835A68}"
EndProject
Project("{9A19103F-16F7-4668-BE54-9A1E7A4F7556}") = "Tyuiu.YakovlevVAa.Sprint2.Task4.V23.Lib", "Tyuiu.YakovlevVAa.Sprint2.Task4.V23.Lib\Tyuiu.YakovlevVAa.Sprint2.Task4.V23.Lib.csproj", "{3FC0F8B2-AD4C-4EFF-AC72-3289BD3A62DB}"
EndProject
Project("{9A19103F-16F7-4668-BE54-9A1E7A4F7556}") = "Tyuiu.YakovlevVAa.Sprint2.Task4.V23.Test", "Tyuiu.YakovlevVAa.Sprint2.Task4.V23.Test\Tyuiu.YakovlevVAa.Sprint2.Task4.V23.Test.csproj", "{A0FB9377-12DF-43F3-85E1-9FD23D0A5A5E}"
EndProject
Project("{2150E333-8FDC-42A3-9474-1A3956D46DE8}") = "Task5", "Task5", "{6139E992-2D1F-4872-9BC1-F3659D66FBE3}"
EndProject
Project("{9A19103F-16F7-4668-BE54-9A1E7A4F7556}") = "Tyuiu.YakovlevVAa.Sprint2.Task5.V10", "Tyuiu.YakovlevVAa.Sprint2.Task5.V10\Tyuiu.YakovlevVAa.Sprint2.Task5.V10.csproj", "{49E8BEDD-7D49-402B-84B1-2A8762014401}"
EndProject
Project("{9A19103F-16F7-4668-BE54-9A1E7A4F7556}") = "Tyuiu.YakovlevVAa.Sprint2.Task5.V10.Test", "Tyuiu.YakovlevVAa.Sprint2.Task5.V10.Test\Tyuiu.YakovlevVAa.Sprint2.Task5.V10.Test.csproj", "{B114F1CB-FE5D-4D3A-A2C1-7F157DBAE3E1}"
EndProject
Project("{9A19103F-16F7-4668-BE54-9A1E7A4F7556}") = "Tyuiu.YakovlevVAa.Sprint2.Task5.V10.Lib", "Tyuiu.YakovlevVAa.Sprint2.Task5.V10.Lib\Tyuiu.YakovlevVAa.Sprint2.Task5.V10.Lib.csproj", "{6CD1CFA1-3EFC-4A31-950A-8461B79FAB5C}"
EndProject
Project("{2150E333-8FDC-42A3-9474-1A3956D46DE8}") = "Task6", "Task6", "{8F23E986-5D16-4897-A845-40ABF85BE0BE}"
EndProject
Project("{FAE04EC0-301F-11D3-BF4B-00C04F79EFBC}") = "Tyuiu.YakovlevVAa.Sprint2.Task6.V11", "Tyuiu.YakovlevVAa.Sprint2.Task6.V11\Tyuiu.YakovlevVAa.Sprint2.Task6.V11.csproj", "{563DFBE2-C052-4DA3-8BD2-6CFC04F3FB53}"
EndProject
Project("{FAE04EC0-301F-11D3-BF4B-00C04F79EFBC}") = "Tyuiu.YakovlevVAa.Sprint2.Task6.V11.Test", "Tyuiu.YakovlevVAa.Sprint2.Task6.V11.Test\Tyuiu.YakovlevVAa.Sprint2.Task6.V11.Test.csproj", "{AAAD6884-F1CF-4392-BCB3-1796CCE39115}"
EndProject
Project("{FAE04EC0-301F-11D3-BF4B-00C04F79EFBC}") = "Tyuiu.YakovlevVAa.Sprint2.Task6.V11.Lib", "Tyuiu.YakovlevVAa.Sprint2.Task6.V11.Lib\Tyuiu.YakovlevVAa.Sprint2.Task6.V11.Lib.csproj", "{56EE0AA4-5385-46AA-933A-1D68FDF39595}"
EndProject
Global
	GlobalSection(SolutionConfigurationPlatforms) = preSolution
		Debug|Any CPU = Debug|Any CPU
		Release|Any CPU = Release|Any CPU
	EndGlobalSection
	GlobalSection(ProjectConfigurationPlatforms) = postSolution
		{14DDB872-5B55-403B-AC4B-AE88F49183A1}.Debug|Any CPU.ActiveCfg = Debug|Any CPU
		{14DDB872-5B55-403B-AC4B-AE88F49183A1}.Debug|Any CPU.Build.0 = Debug|Any CPU
		{14DDB872-5B55-403B-AC4B-AE88F49183A1}.Release|Any CPU.ActiveCfg = Release|Any CPU
		{14DDB872-5B55-403B-AC4B-AE88F49183A1}.Release|Any CPU.Build.0 = Release|Any CPU
		{FFFD9A72-97A7-42B7-BFB6-E5421DED529E}.Debug|Any CPU.ActiveCfg = Debug|Any CPU
		{FFFD9A72-97A7-42B7-BFB6-E5421DED529E}.Debug|Any CPU.Build.0 = Debug|Any CPU
		{FFFD9A72-97A7-42B7-BFB6-E5421DED529E}.Release|Any CPU.ActiveCfg = Release|Any CPU
		{FFFD9A72-97A7-42B7-BFB6-E5421DED529E}.Release|Any CPU.Build.0 = Release|Any CPU
		{ADC686A1-0D62-44D6-AC23-15BC2AF71FC9}.Debug|Any CPU.ActiveCfg = Debug|Any CPU
		{ADC686A1-0D62-44D6-AC23-15BC2AF71FC9}.Debug|Any CPU.Build.0 = Debug|Any CPU
		{ADC686A1-0D62-44D6-AC23-15BC2AF71FC9}.Release|Any CPU.ActiveCfg = Release|Any CPU
		{ADC686A1-0D62-44D6-AC23-15BC2AF71FC9}.Release|Any CPU.Build.0 = Release|Any CPU
		{AED75B05-AD1C-4386-8D4B-A7153183EFDC}.Debug|Any CPU.ActiveCfg = Debug|Any CPU
		{AED75B05-AD1C-4386-8D4B-A7153183EFDC}.Debug|Any CPU.Build.0 = Debug|Any CPU
		{AED75B05-AD1C-4386-8D4B-A7153183EFDC}.Release|Any CPU.ActiveCfg = Release|Any CPU
		{AED75B05-AD1C-4386-8D4B-A7153183EFDC}.Release|Any CPU.Build.0 = Release|Any CPU
		{E0A02E88-7F9C-4E85-9678-044AF75EAD38}.Debug|Any CPU.ActiveCfg = Debug|Any CPU
		{E0A02E88-7F9C-4E85-9678-044AF75EAD38}.Debug|Any CPU.Build.0 = Debug|Any CPU
		{E0A02E88-7F9C-4E85-9678-044AF75EAD38}.Release|Any CPU.ActiveCfg = Release|Any CPU
		{E0A02E88-7F9C-4E85-9678-044AF75EAD38}.Release|Any CPU.Build.0 = Release|Any CPU
		{68A22FA7-CA41-4964-9FD9-9FE1713AE736}.Debug|Any CPU.ActiveCfg = Debug|Any CPU
		{68A22FA7-CA41-4964-9FD9-9FE1713AE736}.Debug|Any CPU.Build.0 = Debug|Any CPU
		{68A22FA7-CA41-4964-9FD9-9FE1713AE736}.Release|Any CPU.ActiveCfg = Release|Any CPU
		{68A22FA7-CA41-4964-9FD9-9FE1713AE736}.Release|Any CPU.Build.0 = Release|Any CPU
		{A68135B0-CE63-4609-B5ED-BB23E675B27C}.Debug|Any CPU.ActiveCfg = Debug|Any CPU
		{A68135B0-CE63-4609-B5ED-BB23E675B27C}.Debug|Any CPU.Build.0 = Debug|Any CPU
		{A68135B0-CE63-4609-B5ED-BB23E675B27C}.Release|Any CPU.ActiveCfg = Release|Any CPU
		{A68135B0-CE63-4609-B5ED-BB23E675B27C}.Release|Any CPU.Build.0 = Release|Any CPU
		{51007176-5F96-4A18-8B44-F752CD07FC89}.Debug|Any CPU.ActiveCfg = Debug|Any CPU
		{51007176-5F96-4A18-8B44-F752CD07FC89}.Debug|Any CPU.Build.0 = Debug|Any CPU
		{51007176-5F96-4A18-8B44-F752CD07FC89}.Release|Any CPU.ActiveCfg = Release|Any CPU
		{51007176-5F96-4A18-8B44-F752CD07FC89}.Release|Any CPU.Build.0 = Release|Any CPU
		{C04976A0-8924-4F54-B05B-D251B92EAB39}.Debug|Any CPU.ActiveCfg = Debug|Any CPU
		{C04976A0-8924-4F54-B05B-D251B92EAB39}.Debug|Any CPU.Build.0 = Debug|Any CPU
		{C04976A0-8924-4F54-B05B-D251B92EAB39}.Release|Any CPU.ActiveCfg = Release|Any CPU
		{C04976A0-8924-4F54-B05B-D251B92EAB39}.Release|Any CPU.Build.0 = Release|Any CPU
		{40B3DC9A-E813-444D-A545-4EC22B89059B}.Debug|Any CPU.ActiveCfg = Debug|Any CPU
		{40B3DC9A-E813-444D-A545-4EC22B89059B}.Debug|Any CPU.Build.0 = Debug|Any CPU
		{40B3DC9A-E813-444D-A545-4EC22B89059B}.Release|Any CPU.ActiveCfg = Release|Any CPU
		{40B3DC9A-E813-444D-A545-4EC22B89059B}.Release|Any CPU.Build.0 = Release|Any CPU
		{E97528A6-5165-407E-B0DD-1606B1930D48}.Debug|Any CPU.ActiveCfg = Debug|Any CPU
		{E97528A6-5165-407E-B0DD-1606B1930D48}.Debug|Any CPU.Build.0 = Debug|Any CPU
		{E97528A6-5165-407E-B0DD-1606B1930D48}.Release|Any CPU.ActiveCfg = Release|Any CPU
		{E97528A6-5165-407E-B0DD-1606B1930D48}.Release|Any CPU.Build.0 = Release|Any CPU
		{A54956AD-17F0-4B8C-9318-D8CDD681A458}.Debug|Any CPU.ActiveCfg = Debug|Any CPU
		{A54956AD-17F0-4B8C-9318-D8CDD681A458}.Debug|Any CPU.Build.0 = Debug|Any CPU
		{A54956AD-17F0-4B8C-9318-D8CDD681A458}.Release|Any CPU.ActiveCfg = Release|Any CPU
		{A54956AD-17F0-4B8C-9318-D8CDD681A458}.Release|Any CPU.Build.0 = Release|Any CPU
		{B48537C2-E955-40C7-AECE-AA2FA9835A68}.Debug|Any CPU.ActiveCfg = Debug|Any CPU
		{B48537C2-E955-40C7-AECE-AA2FA9835A68}.Debug|Any CPU.Build.0 = Debug|Any CPU
		{B48537C2-E955-40C7-AECE-AA2FA9835A68}.Release|Any CPU.ActiveCfg = Release|Any CPU
		{B48537C2-E955-40C7-AECE-AA2FA9835A68}.Release|Any CPU.Build.0 = Release|Any CPU
		{3FC0F8B2-AD4C-4EFF-AC72-3289BD3A62DB}.Debug|Any CPU.ActiveCfg = Debug|Any CPU
		{3FC0F8B2-AD4C-4EFF-AC72-3289BD3A62DB}.Debug|Any CPU.Build.0 = Debug|Any CPU
		{3FC0F8B2-AD4C-4EFF-AC72-3289BD3A62DB}.Release|Any CPU.ActiveCfg = Release|Any CPU
		{3FC0F8B2-AD4C-4EFF-AC72-3289BD3A62DB}.Release|Any CPU.Build.0 = Release|Any CPU
		{A0FB9377-12DF-43F3-85E1-9FD23D0A5A5E}.Debug|Any CPU.ActiveCfg = Debug|Any CPU
		{A0FB9377-12DF-43F3-85E1-9FD23D0A5A5E}.Debug|Any CPU.Build.0 = Debug|Any CPU
		{A0FB9377-12DF-43F3-85E1-9FD23D0A5A5E}.Release|Any CPU.ActiveCfg = Release|Any CPU
		{A0FB9377-12DF-43F3-85E1-9FD23D0A5A5E}.Release|Any CPU.Build.0 = Release|Any CPU
		{49E8BEDD-7D49-402B-84B1-2A8762014401}.Debug|Any CPU.ActiveCfg = Debug|Any CPU
		{49E8BEDD-7D49-402B-84B1-2A8762014401}.Debug|Any CPU.Build.0 = Debug|Any CPU
		{49E8BEDD-7D49-402B-84B1-2A8762014401}.Release|Any CPU.ActiveCfg = Release|Any CPU
		{49E8BEDD-7D49-402B-84B1-2A8762014401}.Release|Any CPU.Build.0 = Release|Any CPU
		{B114F1CB-FE5D-4D3A-A2C1-7F157DBAE3E1}.Debug|Any CPU.ActiveCfg = Debug|Any CPU
		{B114F1CB-FE5D-4D3A-A2C1-7F157DBAE3E1}.Debug|Any CPU.Build.0 = Debug|Any CPU
		{B114F1CB-FE5D-4D3A-A2C1-7F157DBAE3E1}.Release|Any CPU.ActiveCfg = Release|Any CPU
		{B114F1CB-FE5D-4D3A-A2C1-7F157DBAE3E1}.Release|Any CPU.Build.0 = Release|Any CPU
		{6CD1CFA1-3EFC-4A31-950A-8461B79FAB5C}.Debug|Any CPU.ActiveCfg = Debug|Any CPU
		{6CD1CFA1-3EFC-4A31-950A-8461B79FAB5C}.Debug|Any CPU.Build.0 = Debug|Any CPU
		{6CD1CFA1-3EFC-4A31-950A-8461B79FAB5C}.Release|Any CPU.ActiveCfg = Release|Any CPU
		{6CD1CFA1-3EFC-4A31-950A-8461B79FAB5C}.Release|Any CPU.Build.0 = Release|Any CPU
		{563DFBE2-C052-4DA3-8BD2-6CFC04F3FB53}.Debug|Any CPU.ActiveCfg = Debug|Any CPU
		{563DFBE2-C052-4DA3-8BD2-6CFC04F3FB53}.Debug|Any CPU.Build.0 = Debug|Any CPU
		{563DFBE2-C052-4DA3-8BD2-6CFC04F3FB53}.Release|Any CPU.ActiveCfg = Release|Any CPU
		{563DFBE2-C052-4DA3-8BD2-6CFC04F3FB53}.Release|Any CPU.Build.0 = Release|Any CPU
		{AAAD6884-F1CF-4392-BCB3-1796CCE39115}.Debug|Any CPU.ActiveCfg = Debug|Any CPU
		{AAAD6884-F1CF-4392-BCB3-1796CCE39115}.Debug|Any CPU.Build.0 = Debug|Any CPU
		{AAAD6884-F1CF-4392-BCB3-1796CCE39115}.Release|Any CPU.ActiveCfg = Release|Any CPU
		{AAAD6884-F1CF-4392-BCB3-1796CCE39115}.Release|Any CPU.Build.0 = Release|Any CPU
		{56EE0AA4-5385-46AA-933A-1D68FDF39595}.Debug|Any CPU.ActiveCfg = Debug|Any CPU
		{56EE0AA4-5385-46AA-933A-1D68FDF39595}.Debug|Any CPU.Build.0 = Debug|Any CPU
		{56EE0AA4-5385-46AA-933A-1D68FDF39595}.Release|Any CPU.ActiveCfg = Release|Any CPU
		{56EE0AA4-5385-46AA-933A-1D68FDF39595}.Release|Any CPU.Build.0 = Release|Any CPU
	EndGlobalSection
	GlobalSection(SolutionProperties) = preSolution
		HideSolutionNode = FALSE
	EndGlobalSection
	GlobalSection(NestedProjects) = preSolution
		{14DDB872-5B55-403B-AC4B-AE88F49183A1} = {7A3ED855-68B2-49F0-A640-AC606934808F}
		{FFFD9A72-97A7-42B7-BFB6-E5421DED529E} = {7A3ED855-68B2-49F0-A640-AC606934808F}
		{ADC686A1-0D62-44D6-AC23-15BC2AF71FC9} = {7A3ED855-68B2-49F0-A640-AC606934808F}
		{AED75B05-AD1C-4386-8D4B-A7153183EFDC} = {CD556BC6-993D-4509-BE8C-29C2C7007E44}
		{E0A02E88-7F9C-4E85-9678-044AF75EAD38} = {CD556BC6-993D-4509-BE8C-29C2C7007E44}
		{68A22FA7-CA41-4964-9FD9-9FE1713AE736} = {CD556BC6-993D-4509-BE8C-29C2C7007E44}
		{A68135B0-CE63-4609-B5ED-BB23E675B27C} = {1E5E6625-2944-4124-8963-4D311F7A3198}
		{51007176-5F96-4A18-8B44-F752CD07FC89} = {1E5E6625-2944-4124-8963-4D311F7A3198}
		{C04976A0-8924-4F54-B05B-D251B92EAB39} = {1E5E6625-2944-4124-8963-4D311F7A3198}
		{40B3DC9A-E813-444D-A545-4EC22B89059B} = {3A3B2071-EFA9-4630-BD4F-BE15D8072D65}
		{E97528A6-5165-407E-B0DD-1606B1930D48} = {3A3B2071-EFA9-4630-BD4F-BE15D8072D65}
		{A54956AD-17F0-4B8C-9318-D8CDD681A458} = {3A3B2071-EFA9-4630-BD4F-BE15D8072D65}
		{B48537C2-E955-40C7-AECE-AA2FA9835A68} = {EE6481BC-9299-4653-9A88-855B4A317211}
		{3FC0F8B2-AD4C-4EFF-AC72-3289BD3A62DB} = {EE6481BC-9299-4653-9A88-855B4A317211}
		{A0FB9377-12DF-43F3-85E1-9FD23D0A5A5E} = {EE6481BC-9299-4653-9A88-855B4A317211}
		{49E8BEDD-7D49-402B-84B1-2A8762014401} = {6139E992-2D1F-4872-9BC1-F3659D66FBE3}
		{B114F1CB-FE5D-4D3A-A2C1-7F157DBAE3E1} = {6139E992-2D1F-4872-9BC1-F3659D66FBE3}
		{6CD1CFA1-3EFC-4A31-950A-8461B79FAB5C} = {6139E992-2D1F-4872-9BC1-F3659D66FBE3}
		{563DFBE2-C052-4DA3-8BD2-6CFC04F3FB53} = {8F23E986-5D16-4897-A845-40ABF85BE0BE}
		{AAAD6884-F1CF-4392-BCB3-1796CCE39115} = {8F23E986-5D16-4897-A845-40ABF85BE0BE}
		{56EE0AA4-5385-46AA-933A-1D68FDF39595} = {8F23E986-5D16-4897-A845-40ABF85BE0BE}
	EndGlobalSection
	GlobalSection(ExtensibilityGlobals) = postSolution
		SolutionGuid = {01CC5A31-E198-490F-BC5A-8D4940942EBF}
	EndGlobalSection
EndGlobal
